
Microsoft Visual Studio Solution File, Format Version 12.00
# Visual Studio Version 17
VisualStudioVersion = 17.3.32929.385
MinimumVisualStudioVersion = 10.0.40219.1
Project("{9A19103F-16F7-4668-BE54-9A1E7A4F7556}") = "CalculatorWebApp", "CalculatorWebApp\CalculatorWebApp.csproj", "{BA3B6658-5274-468A-9EB8-BF1A2616E344}"
EndProject
Global
	GlobalSection(SolutionConfigurationPlatforms) = preSolution
		Debug|Any CPU = Debug|Any CPU
		Release|Any CPU = Release|Any CPU
	EndGlobalSection
	GlobalSection(ProjectConfigurationPlatforms) = postSolution
		{BA3B6658-5274-468A-9EB8-BF1A2616E344}.Debug|Any CPU.ActiveCfg = Debug|Any CPU
		{BA3B6658-5274-468A-9EB8-BF1A2616E344}.Debug|Any CPU.Build.0 = Debug|Any CPU
		{BA3B6658-5274-468A-9EB8-BF1A2616E344}.Release|Any CPU.ActiveCfg = Release|Any CPU
		{BA3B6658-5274-468A-9EB8-BF1A2616E344}.Release|Any CPU.Build.0 = Release|Any CPU
	EndGlobalSection
	GlobalSection(SolutionProperties) = preSolution
		HideSolutionNode = FALSE
	EndGlobalSection
	GlobalSection(ExtensibilityGlobals) = postSolution
		SolutionGuid = {391641D1-B306-416D-9FA2-C39ACE8B570B}
	EndGlobalSection
EndGlobal
